// !$*UTF8*$!
{
	archiveVersion = 1;
	classes = {
	};
	objectVersion = 50;
	objects = {

/* Begin PBXBuildFile section */
		5A6F2B3421B4D681008DE173 /* AppDelegate.m in Sources */ = {isa = PBXBuildFile; fileRef = 5A6F2B3321B4D681008DE173 /* AppDelegate.m */; };
		5A6F2B3721B4D681008DE173 /* ViewController.m in Sources */ = {isa = PBXBuildFile; fileRef = 5A6F2B3621B4D681008DE173 /* ViewController.m */; };
		5A6F2B3A21B4D681008DE173 /* Main.storyboard in Resources */ = {isa = PBXBuildFile; fileRef = 5A6F2B3821B4D681008DE173 /* Main.storyboard */; };
		5A6F2B3C21B4D683008DE173 /* Assets.xcassets in Resources */ = {isa = PBXBuildFile; fileRef = 5A6F2B3B21B4D683008DE173 /* Assets.xcassets */; };
		5A6F2B3F21B4D683008DE173 /* LaunchScreen.storyboard in Resources */ = {isa = PBXBuildFile; fileRef = 5A6F2B3D21B4D683008DE173 /* LaunchScreen.storyboard */; };
		5A6F2B4221B4D683008DE173 /* main.m in Sources */ = {isa = PBXBuildFile; fileRef = 5A6F2B4121B4D683008DE173 /* main.m */; };
		5A6F2B4C21B4D683008DE173 /* TestNumberTests.m in Sources */ = {isa = PBXBuildFile; fileRef = 5A6F2B4B21B4D683008DE173 /* TestNumberTests.m */; };
		5A6F2B5721B4D683008DE173 /* TestNumberUITests.m in Sources */ = {isa = PBXBuildFile; fileRef = 5A6F2B5621B4D683008DE173 /* TestNumberUITests.m */; };
/* End PBXBuildFile section */

/* Begin PBXContainerItemProxy section */
		5A6F2B4821B4D683008DE173 /* PBXContainerItemProxy */ = {
			isa = PBXContainerItemProxy;
			containerPortal = 5A6F2B2721B4D681008DE173 /* Project object */;
			proxyType = 1;
			remoteGlobalIDString = 5A6F2B2E21B4D681008DE173;
			remoteInfo = TestNumber;
		};
		5A6F2B5321B4D683008DE173 /* PBXContainerItemProxy */ = {
			isa = PBXContainerItemProxy;
			containerPortal = 5A6F2B2721B4D681008DE173 /* Project object */;
			proxyType = 1;
			remoteGlobalIDString = 5A6F2B2E21B4D681008DE173;
			remoteInfo = TestNumber;
		};
/* End PBXContainerItemProxy section */

/* Begin PBXFileReference section */
		5A6F2B2F21B4D681008DE173 /* TestNumber.app */ = {isa = PBXFileReference; explicitFileType = wrapper.application; includeInIndex = 0; path = TestNumber.app; sourceTree = BUILT_PRODUCTS_DIR; };
		5A6F2B3221B4D681008DE173 /* AppDelegate.h */ = {isa = PBXFileReference; lastKnownFileType = sourcecode.c.h; path = AppDelegate.h; sourceTree = "<group>"; };
		5A6F2B3321B4D681008DE173 /* AppDelegate.m */ = {isa = PBXFileReference; lastKnownFileType = sourcecode.c.objc; path = AppDelegate.m; sourceTree = "<group>"; };
		5A6F2B3521B4D681008DE173 /* ViewController.h */ = {isa = PBXFileReference; lastKnownFileType = sourcecode.c.h; path = ViewController.h; sourceTree = "<group>"; };
		5A6F2B3621B4D681008DE173 /* ViewController.m */ = {isa = PBXFileReference; lastKnownFileType = sourcecode.c.objc; path = ViewController.m; sourceTree = "<group>"; };
		5A6F2B3921B4D681008DE173 /* Base */ = {isa = PBXFileReference; lastKnownFileType = file.storyboard; name = Base; path = Base.lproj/Main.storyboard; sourceTree = "<group>"; };
		5A6F2B3B21B4D683008DE173 /* Assets.xcassets */ = {isa = PBXFileReference; lastKnownFileType = folder.assetcatalog; path = Assets.xcassets; sourceTree = "<group>"; };
		5A6F2B3E21B4D683008DE173 /* Base */ = {isa = PBXFileReference; lastKnownFileType = file.storyboard; name = Base; path = Base.lproj/LaunchScreen.storyboard; sourceTree = "<group>"; };
		5A6F2B4021B4D683008DE173 /* Info.plist */ = {isa = PBXFileReference; lastKnownFileType = text.plist.xml; path = Info.plist; sourceTree = "<group>"; };
		5A6F2B4121B4D683008DE173 /* main.m */ = {isa = PBXFileReference; lastKnownFileType = sourcecode.c.objc; path = main.m; sourceTree = "<group>"; };
		5A6F2B4721B4D683008DE173 /* TestNumberTests.xctest */ = {isa = PBXFileReference; explicitFileType = wrapper.cfbundle; includeInIndex = 0; path = TestNumberTests.xctest; sourceTree = BUILT_PRODUCTS_DIR; };
		5A6F2B4B21B4D683008DE173 /* TestNumberTests.m */ = {isa = PBXFileReference; lastKnownFileType = sourcecode.c.objc; path = TestNumberTests.m; sourceTree = "<group>"; };
		5A6F2B4D21B4D683008DE173 /* Info.plist */ = {isa = PBXFileReference; lastKnownFileType = text.plist.xml; path = Info.plist; sourceTree = "<group>"; };
		5A6F2B5221B4D683008DE173 /* TestNumberUITests.xctest */ = {isa = PBXFileReference; explicitFileType = wrapper.cfbundle; includeInIndex = 0; path = TestNumberUITests.xctest; sourceTree = BUILT_PRODUCTS_DIR; };
		5A6F2B5621B4D683008DE173 /* TestNumberUITests.m */ = {isa = PBXFileReference; lastKnownFileType = sourcecode.c.objc; path = TestNumberUITests.m; sourceTree = "<group>"; };
		5A6F2B5821B4D683008DE173 /* Info.plist */ = {isa = PBXFileReference; lastKnownFileType = text.plist.xml; path = Info.plist; sourceTree = "<group>"; };
/* End PBXFileReference section */

/* Begin PBXFrameworksBuildPhase section */
		5A6F2B2C21B4D681008DE173 /* Frameworks */ = {
			isa = PBXFrameworksBuildPhase;
			buildActionMask = 2147483647;
			files = (
			);
			runOnlyForDeploymentPostprocessing = 0;
		};
		5A6F2B4421B4D683008DE173 /* Frameworks */ = {
			isa = PBXFrameworksBuildPhase;
			buildActionMask = 2147483647;
			files = (
			);
			runOnlyForDeploymentPostprocessing = 0;
		};
		5A6F2B4F21B4D683008DE173 /* Frameworks */ = {
			isa = PBXFrameworksBuildPhase;
			buildActionMask = 2147483647;
			files = (
			);
			runOnlyForDeploymentPostprocessing = 0;
		};
/* End PBXFrameworksBuildPhase section */

/* Begin PBXGroup section */
		5A6F2B2621B4D681008DE173 = {
			isa = PBXGroup;
			children = (
				5A6F2B3121B4D681008DE173 /* TestNumber */,
				5A6F2B4A21B4D683008DE173 /* TestNumberTests */,
				5A6F2B5521B4D683008DE173 /* TestNumberUITests */,
				5A6F2B3021B4D681008DE173 /* Products */,
			);
			sourceTree = "<group>";
		};
		5A6F2B3021B4D681008DE173 /* Products */ = {
			isa = PBXGroup;
			children = (
				5A6F2B2F21B4D681008DE173 /* TestNumber.app */,
				5A6F2B4721B4D683008DE173 /* TestNumberTests.xctest */,
				5A6F2B5221B4D683008DE173 /* TestNumberUITests.xctest */,
			);
			name = Products;
			sourceTree = "<group>";
		};
		5A6F2B3121B4D681008DE173 /* TestNumber */ = {
			isa = PBXGroup;
			children = (
				5A6F2B3221B4D681008DE173 /* AppDelegate.h */,
				5A6F2B3321B4D681008DE173 /* AppDelegate.m */,
				5A6F2B3521B4D681008DE173 /* ViewController.h */,
				5A6F2B3621B4D681008DE173 /* ViewController.m */,
				5A6F2B3821B4D681008DE173 /* Main.storyboard */,
				5A6F2B3B21B4D683008DE173 /* Assets.xcassets */,
				5A6F2B3D21B4D683008DE173 /* LaunchScreen.storyboard */,
				5A6F2B4021B4D683008DE173 /* Info.plist */,
				5A6F2B4121B4D683008DE173 /* main.m */,
			);
			path = TestNumber;
			sourceTree = "<group>";
		};
		5A6F2B4A21B4D683008DE173 /* TestNumberTests */ = {
			isa = PBXGroup;
			children = (
				5A6F2B4B21B4D683008DE173 /* TestNumberTests.m */,
				5A6F2B4D21B4D683008DE173 /* Info.plist */,
			);
			path = TestNumberTests;
			sourceTree = "<group>";
		};
		5A6F2B5521B4D683008DE173 /* TestNumberUITests */ = {
			isa = PBXGroup;
			children = (
				5A6F2B5621B4D683008DE173 /* TestNumberUITests.m */,
				5A6F2B5821B4D683008DE173 /* Info.plist */,
			);
			path = TestNumberUITests;
			sourceTree = "<group>";
		};
/* End PBXGroup section */

/* Begin PBXNativeTarget section */
		5A6F2B2E21B4D681008DE173 /* TestNumber */ = {
			isa = PBXNativeTarget;
			buildConfigurationList = 5A6F2B5B21B4D683008DE173 /* Build configuration list for PBXNativeTarget "TestNumber" */;
			buildPhases = (
				5A6F2B2B21B4D681008DE173 /* Sources */,
				5A6F2B2C21B4D681008DE173 /* Frameworks */,
				5A6F2B2D21B4D681008DE173 /* Resources */,
			);
			buildRules = (
			);
			dependencies = (
			);
			name = TestNumber;
			productName = TestNumber;
			productReference = 5A6F2B2F21B4D681008DE173 /* TestNumber.app */;
			productType = "com.apple.product-type.application";
		};
		5A6F2B4621B4D683008DE173 /* TestNumberTests */ = {
			isa = PBXNativeTarget;
			buildConfigurationList = 5A6F2B5E21B4D683008DE173 /* Build configuration list for PBXNativeTarget "TestNumberTests" */;
			buildPhases = (
				5A6F2B4321B4D683008DE173 /* Sources */,
				5A6F2B4421B4D683008DE173 /* Frameworks */,
				5A6F2B4521B4D683008DE173 /* Resources */,
			);
			buildRules = (
			);
			dependencies = (
				5A6F2B4921B4D683008DE173 /* PBXTargetDependency */,
			);
			name = TestNumberTests;
			productName = TestNumberTests;
			productReference = 5A6F2B4721B4D683008DE173 /* TestNumberTests.xctest */;
			productType = "com.apple.product-type.bundle.unit-test";
		};
		5A6F2B5121B4D683008DE173 /* TestNumberUITests */ = {
			isa = PBXNativeTarget;
			buildConfigurationList = 5A6F2B6121B4D683008DE173 /* Build configuration list for PBXNativeTarget "TestNumberUITests" */;
			buildPhases = (
				5A6F2B4E21B4D683008DE173 /* Sources */,
				5A6F2B4F21B4D683008DE173 /* Frameworks */,
				5A6F2B5021B4D683008DE173 /* Resources */,
			);
			buildRules = (
			);
			dependencies = (
				5A6F2B5421B4D683008DE173 /* PBXTargetDependency */,
			);
			name = TestNumberUITests;
			productName = TestNumberUITests;
			productReference = 5A6F2B5221B4D683008DE173 /* TestNumberUITests.xctest */;
			productType = "com.apple.product-type.bundle.ui-testing";
		};
/* End PBXNativeTarget section */

/* Begin PBXProject section */
		5A6F2B2721B4D681008DE173 /* Project object */ = {
			isa = PBXProject;
			attributes = {
				LastUpgradeCheck = 1010;
				ORGANIZATIONNAME = mg;
				TargetAttributes = {
					5A6F2B2E21B4D681008DE173 = {
						CreatedOnToolsVersion = 10.1;
					};
					5A6F2B4621B4D683008DE173 = {
						CreatedOnToolsVersion = 10.1;
						TestTargetID = 5A6F2B2E21B4D681008DE173;
					};
					5A6F2B5121B4D683008DE173 = {
						CreatedOnToolsVersion = 10.1;
						TestTargetID = 5A6F2B2E21B4D681008DE173;
					};
				};
			};
			buildConfigurationList = 5A6F2B2A21B4D681008DE173 /* Build configuration list for PBXProject "TestNumber" */;
			compatibilityVersion = "Xcode 9.3";
			developmentRegion = en;
			hasScannedForEncodings = 0;
			knownRegions = (
				en,
				Base,
			);
			mainGroup = 5A6F2B2621B4D681008DE173;
			productRefGroup = 5A6F2B3021B4D681008DE173 /* Products */;
			projectDirPath = "";
			projectRoot = "";
			targets = (
				5A6F2B2E21B4D681008DE173 /* TestNumber */,
				5A6F2B4621B4D683008DE173 /* TestNumberTests */,
				5A6F2B5121B4D683008DE173 /* TestNumberUITests */,
			);
		};
/* End PBXProject section */

/* Begin PBXResourcesBuildPhase section */
		5A6F2B2D21B4D681008DE173 /* Resources */ = {
			isa = PBXResourcesBuildPhase;
			buildActionMask = 2147483647;
			files = (
				5A6F2B3F21B4D683008DE173 /* LaunchScreen.storyboard in Resources */,
				5A6F2B3C21B4D683008DE173 /* Assets.xcassets in Resources */,
				5A6F2B3A21B4D681008DE173 /* Main.storyboard in Resources */,
			);
			runOnlyForDeploymentPostprocessing = 0;
		};
		5A6F2B4521B4D683008DE173 /* Resources */ = {
			isa = PBXResourcesBuildPhase;
			buildActionMask = 2147483647;
			files = (
			);
			runOnlyForDeploymentPostprocessing = 0;
		};
		5A6F2B5021B4D683008DE173 /* Resources */ = {
			isa = PBXResourcesBuildPhase;
			buildActionMask = 2147483647;
			files = (
			);
			runOnlyForDeploymentPostprocessing = 0;
		};
/* End PBXResourcesBuildPhase section */

/* Begin PBXSourcesBuildPhase section */
		5A6F2B2B21B4D681008DE173 /* Sources */ = {
			isa = PBXSourcesBuildPhase;
			buildActionMask = 2147483647;
			files = (
				5A6F2B3721B4D681008DE173 /* ViewController.m in Sources */,
				5A6F2B4221B4D683008DE173 /* main.m in Sources */,
				5A6F2B3421B4D681008DE173 /* AppDelegate.m in Sources */,
			);
			runOnlyForDeploymentPostprocessing = 0;
		};
		5A6F2B4321B4D683008DE173 /* Sources */ = {
			isa = PBXSourcesBuildPhase;
			buildActionMask = 2147483647;
			files = (
				5A6F2B4C21B4D683008DE173 /* TestNumberTests.m in Sources */,
			);
			runOnlyForDeploymentPostprocessing = 0;
		};
		5A6F2B4E21B4D683008DE173 /* Sources */ = {
			isa = PBXSourcesBuildPhase;
			buildActionMask = 2147483647;
			files = (
				5A6F2B5721B4D683008DE173 /* TestNumberUITests.m in Sources */,
			);
			runOnlyForDeploymentPostprocessing = 0;
		};
/* End PBXSourcesBuildPhase section */

/* Begin PBXTargetDependency section */
		5A6F2B4921B4D683008DE173 /* PBXTargetDependency */ = {
			isa = PBXTargetDependency;
			target = 5A6F2B2E21B4D681008DE173 /* TestNumber */;
			targetProxy = 5A6F2B4821B4D683008DE173 /* PBXContainerItemProxy */;
		};
		5A6F2B5421B4D683008DE173 /* PBXTargetDependency */ = {
			isa = PBXTargetDependency;
			target = 5A6F2B2E21B4D681008DE173 /* TestNumber */;
			targetProxy = 5A6F2B5321B4D683008DE173 /* PBXContainerItemProxy */;
		};
/* End PBXTargetDependency section */

/* Begin PBXVariantGroup section */
		5A6F2B3821B4D681008DE173 /* Main.storyboard */ = {
			isa = PBXVariantGroup;
			children = (
				5A6F2B3921B4D681008DE173 /* Base */,
			);
			name = Main.storyboard;
			sourceTree = "<group>";
		};
		5A6F2B3D21B4D683008DE173 /* LaunchScreen.storyboard */ = {
			isa = PBXVariantGroup;
			children = (
				5A6F2B3E21B4D683008DE173 /* Base */,
			);
			name = LaunchScreen.storyboard;
			sourceTree = "<group>";
		};
/* End PBXVariantGroup section */

/* Begin XCBuildConfiguration section */
		5A6F2B5921B4D683008DE173 /* Debug */ = {
			isa = XCBuildConfiguration;
			buildSettings = {
				ALWAYS_SEARCH_USER_PATHS = NO;
				CLANG_ANALYZER_NONNULL = YES;
				CLANG_ANALYZER_NUMBER_OBJECT_CONVERSION = YES_AGGRESSIVE;
				CLANG_CXX_LANGUAGE_STANDARD = "gnu++14";
				CLANG_CXX_LIBRARY = "libc++";
				CLANG_ENABLE_MODULES = YES;
				CLANG_ENABLE_OBJC_ARC = YES;
				CLANG_ENABLE_OBJC_WEAK = YES;
				CLANG_WARN_BLOCK_CAPTURE_AUTORELEASING = YES;
				CLANG_WARN_BOOL_CONVERSION = YES;
				CLANG_WARN_COMMA = YES;
				CLANG_WARN_CONSTANT_CONVERSION = YES;
				CLANG_WARN_DEPRECATED_OBJC_IMPLEMENTATIONS = YES;
				CLANG_WARN_DIRECT_OBJC_ISA_USAGE = YES_ERROR;
				CLANG_WARN_DOCUMENTATION_COMMENTS = YES;
				CLANG_WARN_EMPTY_BODY = YES;
				CLANG_WARN_ENUM_CONVERSION = YES;
				CLANG_WARN_INFINITE_RECURSION = YES;
				CLANG_WARN_INT_CONVERSION = YES;
				CLANG_WARN_NON_LITERAL_NULL_CONVERSION = YES;
				CLANG_WARN_OBJC_IMPLICIT_RETAIN_SELF = YES;
				CLANG_WARN_OBJC_LITERAL_CONVERSION = YES;
				CLANG_WARN_OBJC_ROOT_CLASS = YES_ERROR;
				CLANG_WARN_RANGE_LOOP_ANALYSIS = YES;
				CLANG_WARN_STRICT_PROTOTYPES = YES;
				CLANG_WARN_SUSPICIOUS_MOVE = YES;
				CLANG_WARN_UNGUARDED_AVAILABILITY = YES_AGGRESSIVE;
				CLANG_WARN_UNREACHABLE_CODE = YES;
				CLANG_WARN__DUPLICATE_METHOD_MATCH = YES;
				CODE_SIGN_IDENTITY = "iPhone Developer";
				COPY_PHASE_STRIP = NO;
				DEBUG_INFORMATION_FORMAT = dwarf;
				ENABLE_STRICT_OBJC_MSGSEND = YES;
				ENABLE_TESTABILITY = YES;
				GCC_C_LANGUAGE_STANDARD = gnu11;
				GCC_DYNAMIC_NO_PIC = NO;
				GCC_NO_COMMON_BLOCKS = YES;
				GCC_OPTIMIZATION_LEVEL = 0;
				GCC_PREPROCESSOR_DEFINITIONS = (
					"DEBUG=1",
					"$(inherited)",
				);
				GCC_WARN_64_TO_32_BIT_CONVERSION = YES;
				GCC_WARN_ABOUT_RETURN_TYPE = YES_ERROR;
				GCC_WARN_UNDECLARED_SELECTOR = YES;
				GCC_WARN_UNINITIALIZED_AUTOS = YES_AGGRESSIVE;
				GCC_WARN_UNUSED_FUNCTION = YES;
				GCC_WARN_UNUSED_VARIABLE = YES;
				IPHONEOS_DEPLOYMENT_TARGET = 12.1;
				MTL_ENABLE_DEBUG_INFO = INCLUDE_SOURCE;
				MTL_FAST_MATH = YES;
				ONLY_ACTIVE_ARCH = YES;
				SDKROOT = iphoneos;
			};
			name = Debug;
		};
		5A6F2B5A21B4D683008DE173 /* Release */ = {
			isa = XCBuildConfiguration;
			buildSettings = {
				ALWAYS_SEARCH_USER_PATHS = NO;
				CLANG_ANALYZER_NONNULL = YES;
				CLANG_ANALYZER_NUMBER_OBJECT_CONVERSION = YES_AGGRESSIVE;
				CLANG_CXX_LANGUAGE_STANDARD = "gnu++14";
				CLANG_CXX_LIBRARY = "libc++";
				CLANG_ENABLE_MODULES = YES;
				CLANG_ENABLE_OBJC_ARC = YES;
				CLANG_ENABLE_OBJC_WEAK = YES;
				CLANG_WARN_BLOCK_CAPTURE_AUTORELEASING = YES;
				CLANG_WARN_BOOL_CONVERSION = YES;
				CLANG_WARN_COMMA = YES;
				CLANG_WARN_CONSTANT_CONVERSION = YES;
				CLANG_WARN_DEPRECATED_OBJC_IMPLEMENTATIONS = YES;
				CLANG_WARN_DIRECT_OBJC_ISA_USAGE = YES_ERROR;
				CLANG_WARN_DOCUMENTATION_COMMENTS = YES;
				CLANG_WARN_EMPTY_BODY = YES;
				CLANG_WARN_ENUM_CONVERSION = YES;
				CLANG_WARN_INFINITE_RECURSION = YES;
				CLANG_WARN_INT_CONVERSION = YES;
				CLANG_WARN_NON_LITERAL_NULL_CONVERSION = YES;
				CLANG_WARN_OBJC_IMPLICIT_RETAIN_SELF = YES;
				CLANG_WARN_OBJC_LITERAL_CONVERSION = YES;
				CLANG_WARN_OBJC_ROOT_CLASS = YES_ERROR;
				CLANG_WARN_RANGE_LOOP_ANALYSIS = YES;
				CLANG_WARN_STRICT_PROTOTYPES = YES;
				CLANG_WARN_SUSPICIOUS_MOVE = YES;
				CLANG_WARN_UNGUARDED_AVAILABILITY = YES_AGGRESSIVE;
				CLANG_WARN_UNREACHABLE_CODE = YES;
				CLANG_WARN__DUPLICATE_METHOD_MATCH = YES;
				CODE_SIGN_IDENTITY = "iPhone Developer";
				COPY_PHASE_STRIP = NO;
				DEBUG_INFORMATION_FORMAT = "dwarf-with-dsym";
				ENABLE_NS_ASSERTIONS = NO;
				ENABLE_STRICT_OBJC_MSGSEND = YES;
				GCC_C_LANGUAGE_STANDARD = gnu11;
				GCC_NO_COMMON_BLOCKS = YES;
				GCC_WARN_64_TO_32_BIT_CONVERSION = YES;
				GCC_WARN_ABOUT_RETURN_TYPE = YES_ERROR;
				GCC_WARN_UNDECLARED_SELECTOR = YES;
				GCC_WARN_UNINITIALIZED_AUTOS = YES_AGGRESSIVE;
				GCC_WARN_UNUSED_FUNCTION = YES;
				GCC_WARN_UNUSED_VARIABLE = YES;
				IPHONEOS_DEPLOYMENT_TARGET = 12.1;
				MTL_ENABLE_DEBUG_INFO = NO;
				MTL_FAST_MATH = YES;
				SDKROOT = iphoneos;
				VALIDATE_PRODUCT = YES;
			};
			name = Release;
		};
		5A6F2B5C21B4D683008DE173 /* Debug */ = {
			isa = XCBuildConfiguration;
			buildSettings = {
				ASSETCATALOG_COMPILER_APPICON_NAME = AppIcon;
				CODE_SIGN_STYLE = Automatic;
				INFOPLIST_FILE = TestNumber/Info.plist;
				LD_RUNPATH_SEARCH_PATHS = (
					"$(inherited)",
					"@executable_path/Frameworks",
				);
				PRODUCT_BUNDLE_IDENTIFIER = mg.TestNumber;
				PRODUCT_NAME = "$(TARGET_NAME)";
				TARGETED_DEVICE_FAMILY = "1,2";
			};
			name = Debug;
		};
		5A6F2B5D21B4D683008DE173 /* Release */ = {
			isa = XCBuildConfiguration;
			buildSettings = {
				ASSETCATALOG_COMPILER_APPICON_NAME = AppIcon;
				CODE_SIGN_STYLE = Automatic;
				INFOPLIST_FILE = TestNumber/Info.plist;
				LD_RUNPATH_SEARCH_PATHS = (
					"$(inherited)",
					"@executable_path/Frameworks",
				);
				PRODUCT_BUNDLE_IDENTIFIER = mg.TestNumber;
				PRODUCT_NAME = "$(TARGET_NAME)";
				TARGETED_DEVICE_FAMILY = "1,2";
			};
			name = Release;
		};
		5A6F2B5F21B4D683008DE173 /* Debug */ = {
			isa = XCBuildConfiguration;
			buildSettings = {
				BUNDLE_LOADER = "$(TEST_HOST)";
				CODE_SIGN_STYLE = Automatic;
				INFOPLIST_FILE = TestNumberTests/Info.plist;
				LD_RUNPATH_SEARCH_PATHS = (
					"$(inherited)",
					"@executable_path/Frameworks",
					"@loader_path/Frameworks",
				);
				PRODUCT_BUNDLE_IDENTIFIER = mg.TestNumberTests;
				PRODUCT_NAME = "$(TARGET_NAME)";
				TARGETED_DEVICE_FAMILY = "1,2";
				TEST_HOST = "$(BUILT_PRODUCTS_DIR)/TestNumber.app/TestNumber";
			};
			name = Debug;
		};
		5A6F2B6021B4D683008DE173 /* Release */ = {
			isa = XCBuildConfiguration;
			buildSettings = {
				BUNDLE_LOADER = "$(TEST_HOST)";
				CODE_SIGN_STYLE = Automatic;
				INFOPLIST_FILE = TestNumberTests/Info.plist;
				LD_RUNPATH_SEARCH_PATHS = (
					"$(inherited)",
					"@executable_path/Frameworks",
					"@loader_path/Frameworks",
				);
				PRODUCT_BUNDLE_IDENTIFIER = mg.TestNumberTests;
				PRODUCT_NAME = "$(TARGET_NAME)";
				TARGETED_DEVICE_FAMILY = "1,2";
				TEST_HOST = "$(BUILT_PRODUCTS_DIR)/TestNumber.app/TestNumber";
			};
			name = Release;
		};
		5A6F2B6221B4D683008DE173 /* Debug */ = {
			isa = XCBuildConfiguration;
			buildSettings = {
				CODE_SIGN_STYLE = Automatic;
				INFOPLIST_FILE = TestNumberUITests/Info.plist;
				LD_RUNPATH_SEARCH_PATHS = (
					"$(inherited)",
					"@executable_path/Frameworks",
					"@loader_path/Frameworks",
				);
				PRODUCT_BUNDLE_IDENTIFIER = mg.TestNumberUITests;
				PRODUCT_NAME = "$(TARGET_NAME)";
				TARGETED_DEVICE_FAMILY = "1,2";
				TEST_TARGET_NAME = TestNumber;
			};
			name = Debug;
		};
		5A6F2B6321B4D683008DE173 /* Release */ = {
			isa = XCBuildConfiguration;
			buildSettings = {
				CODE_SIGN_STYLE = Automatic;
				INFOPLIST_FILE = TestNumberUITests/Info.plist;
				LD_RUNPATH_SEARCH_PATHS = (
					"$(inherited)",
					"@executable_path/Frameworks",
					"@loader_path/Frameworks",
				);
				PRODUCT_BUNDLE_IDENTIFIER = mg.TestNumberUITests;
				PRODUCT_NAME = "$(TARGET_NAME)";
				TARGETED_DEVICE_FAMILY = "1,2";
				TEST_TARGET_NAME = TestNumber;
			};
			name = Release;
		};
/* End XCBuildConfiguration section */

/* Begin XCConfigurationList section */
		5A6F2B2A21B4D681008DE173 /* Build configuration list for PBXProject "TestNumber" */ = {
			isa = XCConfigurationList;
			buildConfigurations = (
				5A6F2B5921B4D683008DE173 /* Debug */,
				5A6F2B5A21B4D683008DE173 /* Release */,
			);
			defaultConfigurationIsVisible = 0;
			defaultConfigurationName = Release;
		};
		5A6F2B5B21B4D683008DE173 /* Build configuration list for PBXNativeTarget "TestNumber" */ = {
			isa = XCConfigurationList;
			buildConfigurations = (
				5A6F2B5C21B4D683008DE173 /* Debug */,
				5A6F2B5D21B4D683008DE173 /* Release */,
			);
			defaultConfigurationIsVisible = 0;
			defaultConfigurationName = Release;
		};
		5A6F2B5E21B4D683008DE173 /* Build configuration list for PBXNativeTarget "TestNumberTests" */ = {
			isa = XCConfigurationList;
			buildConfigurations = (
				5A6F2B5F21B4D683008DE173 /* Debug */,
				5A6F2B6021B4D683008DE173 /* Release */,
			);
			defaultConfigurationIsVisible = 0;
			defaultConfigurationName = Release;
		};
		5A6F2B6121B4D683008DE173 /* Build configuration list for PBXNativeTarget "TestNumberUITests" */ = {
			isa = XCConfigurationList;
			buildConfigurations = (
				5A6F2B6221B4D683008DE173 /* Debug */,
				5A6F2B6321B4D683008DE173 /* Release */,
			);
			defaultConfigurationIsVisible = 0;
			defaultConfigurationName = Release;
		};
/* End XCConfigurationList section */
	};
	rootObject = 5A6F2B2721B4D681008DE173 /* Project object */;
}
